Microsoft Visual Studio Solution File, Format Version 12.00
# Visual Studio Version 17
VisualStudioVersion = 17.7.34024.191
MinimumVisualStudioVersion = 10.0.40219.1
Project("{9A19103F-16F7-4668-BE54-9A1E7A4F7556}") = "Keas.Mvc", "Keas.Mvc\Keas.Mvc.csproj", "{F4FC64F5-A41F-4DCF-9AFC-71A82DA3C34A}"
EndProject
Project("{9A19103F-16F7-4668-BE54-9A1E7A4F7556}") = "Keas.Core", "Keas.Core\Keas.Core.csproj", "{B2532355-D8B1-4DAE-A09E-4E8271DC04C5}"
EndProject
Project("{9A19103F-16F7-4668-BE54-9A1E7A4F7556}") = "Test", "Test\Test.csproj", "{BB311C18-04FA-4D37-9EE5-1FA4A4A06DC6}"
EndProject
Project("{2150E333-8FDC-42A3-9474-1A3956D46DE8}") = "Jobs", "Jobs", "{6E8D7F17-56E5-456C-BD9B-977B8B9FEBCD}"
EndProject
Project("{00D1A9C2-B5F0-4AF3-8072-F6C62B433612}") = "Keas.Sql", "Keas.Sql\Keas.Sql.sqlproj", "{15F352A9-4DD6-41A5-BBB0-E799E1B3B404}"
EndProject
Project("{9A19103F-16F7-4668-BE54-9A1E7A4F7556}") = "Keas.Jobs.Core", "Keas.Jobs.Core\Keas.Jobs.Core.csproj", "{AF95CE25-8364-4880-9994-1617628DE68F}"
EndProject
Project("{9A19103F-16F7-4668-BE54-9A1E7A4F7556}") = "Keas.Jobs.SendMail", "Keas.Jobs.SendMail\Keas.Jobs.SendMail.csproj", "{37EDA0C6-8728-4DA0-A204-F5168082067D}"
EndProject
Project("{2150E333-8FDC-42A3-9474-1A3956D46DE8}") = "FoundationEmails", "FoundationEmails", "{544D7171-AFA4-4E21-9A5D-592B185CEBC6}"
EndProject
Project("{2150E333-8FDC-42A3-9474-1A3956D46DE8}") = "Src", "Src", "{C8C38CD2-AA12-4F8F-AFF6-C660531175FD}"
	ProjectSection(SolutionItems) = preProject
		emails-template\src\pages\index.html = emails-template\src\pages\index.html
		emails-template\src\pages\keas-expiring-team.html = emails-template\src\pages\keas-expiring-team.html
		emails-template\src\pages\keas-expiring.html = emails-template\src\pages\keas-expiring.html
		emails-template\src\pages\keas-notification-person.html = emails-template\src\pages\keas-notification-person.html
		emails-template\src\pages\keas-notification.html = emails-template\src\pages\keas-notification.html
	EndProjectSection
EndProject
Project("{2150E333-8FDC-42A3-9474-1A3956D46DE8}") = "Dest", "Dest", "{7980177D-8422-4D90-838D-0735E50055F9}"
	ProjectSection(SolutionItems) = preProject
		emails-template\dist\keas-expiring-team.html = emails-template\dist\keas-expiring-team.html
		emails-template\dist\keas-expiring.html = emails-template\dist\keas-expiring.html
		emails-template\dist\keas-notification-person.html = emails-template\dist\keas-notification-person.html
		emails-template\dist\keas-notification.html = emails-template\dist\keas-notification.html
	EndProjectSection
EndProject
Project("{FAE04EC0-301F-11D3-BF4B-00C04F79EFBC}") = "Keas.Jobs.LivedName", "Keas.Jobs.LivedName\Keas.Jobs.LivedName.csproj", "{41CE1747-268A-429B-BFB5-C54AB53C37BF}"
EndProject
Global
	GlobalSection(SolutionConfigurationPlatforms) = preSolution
		Debug|Any CPU = Debug|Any CPU
		Release|Any CPU = Release|Any CPU
	EndGlobalSection
	GlobalSection(ProjectConfigurationPlatforms) = postSolution
		{F4FC64F5-A41F-4DCF-9AFC-71A82DA3C34A}.Debug|Any CPU.ActiveCfg = Debug|Any CPU
		{F4FC64F5-A41F-4DCF-9AFC-71A82DA3C34A}.Debug|Any CPU.Build.0 = Debug|Any CPU
		{F4FC64F5-A41F-4DCF-9AFC-71A82DA3C34A}.Release|Any CPU.ActiveCfg = Release|Any CPU
		{F4FC64F5-A41F-4DCF-9AFC-71A82DA3C34A}.Release|Any CPU.Build.0 = Release|Any CPU
		{B2532355-D8B1-4DAE-A09E-4E8271DC04C5}.Debug|Any CPU.ActiveCfg = Debug|Any CPU
		{B2532355-D8B1-4DAE-A09E-4E8271DC04C5}.Debug|Any CPU.Build.0 = Debug|Any CPU
		{B2532355-D8B1-4DAE-A09E-4E8271DC04C5}.Release|Any CPU.ActiveCfg = Release|Any CPU
		{B2532355-D8B1-4DAE-A09E-4E8271DC04C5}.Release|Any CPU.Build.0 = Release|Any CPU
		{BB311C18-04FA-4D37-9EE5-1FA4A4A06DC6}.Debug|Any CPU.ActiveCfg = Debug|Any CPU
		{BB311C18-04FA-4D37-9EE5-1FA4A4A06DC6}.Debug|Any CPU.Build.0 = Debug|Any CPU
		{BB311C18-04FA-4D37-9EE5-1FA4A4A06DC6}.Release|Any CPU.ActiveCfg = Release|Any CPU
		{BB311C18-04FA-4D37-9EE5-1FA4A4A06DC6}.Release|Any CPU.Build.0 = Release|Any CPU
		{15F352A9-4DD6-41A5-BBB0-E799E1B3B404}.Debug|Any CPU.ActiveCfg = Debug|Any CPU
		{15F352A9-4DD6-41A5-BBB0-E799E1B3B404}.Release|Any CPU.ActiveCfg = Release|Any CPU
		{AF95CE25-8364-4880-9994-1617628DE68F}.Debug|Any CPU.ActiveCfg = Debug|Any CPU
		{AF95CE25-8364-4880-9994-1617628DE68F}.Debug|Any CPU.Build.0 = Debug|Any CPU
		{AF95CE25-8364-4880-9994-1617628DE68F}.Release|Any CPU.ActiveCfg = Release|Any CPU
		{AF95CE25-8364-4880-9994-1617628DE68F}.Release|Any CPU.Build.0 = Release|Any CPU
		{37EDA0C6-8728-4DA0-A204-F5168082067D}.Debug|Any CPU.ActiveCfg = Debug|Any CPU
		{37EDA0C6-8728-4DA0-A204-F5168082067D}.Debug|Any CPU.Build.0 = Debug|Any CPU
		{37EDA0C6-8728-4DA0-A204-F5168082067D}.Release|Any CPU.ActiveCfg = Release|Any CPU
		{37EDA0C6-8728-4DA0-A204-F5168082067D}.Release|Any CPU.Build.0 = Release|Any CPU
		{41CE1747-268A-429B-BFB5-C54AB53C37BF}.Debug|Any CPU.ActiveCfg = Debug|Any CPU
		{41CE1747-268A-429B-BFB5-C54AB53C37BF}.Debug|Any CPU.Build.0 = Debug|Any CPU
		{41CE1747-268A-429B-BFB5-C54AB53C37BF}.Release|Any CPU.ActiveCfg = Release|Any CPU
		{41CE1747-268A-429B-BFB5-C54AB53C37BF}.Release|Any CPU.Build.0 = Release|Any CPU
	EndGlobalSection
	GlobalSection(SolutionProperties) = preSolution
		HideSolutionNode = FALSE
	EndGlobalSection
	GlobalSection(NestedProjects) = preSolution
		{AF95CE25-8364-4880-9994-1617628DE68F} = {6E8D7F17-56E5-456C-BD9B-977B8B9FEBCD}
		{37EDA0C6-8728-4DA0-A204-F5168082067D} = {6E8D7F17-56E5-456C-BD9B-977B8B9FEBCD}
		{C8C38CD2-AA12-4F8F-AFF6-C660531175FD} = {544D7171-AFA4-4E21-9A5D-592B185CEBC6}
		{7980177D-8422-4D90-838D-0735E50055F9} = {544D7171-AFA4-4E21-9A5D-592B185CEBC6}
		{41CE1747-268A-429B-BFB5-C54AB53C37BF} = {6E8D7F17-56E5-456C-BD9B-977B8B9FEBCD}
	EndGlobalSection
	GlobalSection(ExtensibilityGlobals) = postSolution
		SolutionGuid = {EDD8B297-A515-4C06-BC3D-6B3890332B35}
	EndGlobalSection
EndGlobal
